// !$*UTF8*$!
{
	archiveVersion = 1;
	classes = {
	};
	objectVersion = 50;
	objects = {

/* Begin PBXBuildFile section */
		8418939824E523B000FE7B85 /* StepCounterApp.swift in Sources */ = {isa = PBXBuildFile; fileRef = 8418939724E523B000FE7B85 /* StepCounterApp.swift */; };
		8418939A24E523B000FE7B85 /* ContentView.swift in Sources */ = {isa = PBXBuildFile; fileRef = 8418939924E523B000FE7B85 /* ContentView.swift */; };
		8418939C24E523B100FE7B85 /* Assets.xcassets in Resources */ = {isa = PBXBuildFile; fileRef = 8418939B24E523B100FE7B85 /* Assets.xcassets */; };
		8418939F24E523B100FE7B85 /* Preview Assets.xcassets in Resources */ = {isa = PBXBuildFile; fileRef = 8418939E24E523B100FE7B85 /* Preview Assets.xcassets */; };
		841B138E24EBBA230028BFCA /* TopBarView.swift in Sources */ = {isa = PBXBuildFile; fileRef = 841B138D24EBBA230028BFCA /* TopBarView.swift */; };
		841B139024EBBA3F0028BFCA /* ProgressGoalView.swift in Sources */ = {isa = PBXBuildFile; fileRef = 841B138F24EBBA3F0028BFCA /* ProgressGoalView.swift */; };
		841B139224EBBA540028BFCA /* InfoDashboardView.swift in Sources */ = {isa = PBXBuildFile; fileRef = 841B139124EBBA540028BFCA /* InfoDashboardView.swift */; };
		841B139424EBBA730028BFCA /* PlayPauseView.swift in Sources */ = {isa = PBXBuildFile; fileRef = 841B139324EBBA730028BFCA /* PlayPauseView.swift */; };
		841B139624EBBA860028BFCA /* StepCountManager.swift in Sources */ = {isa = PBXBuildFile; fileRef = 841B139524EBBA860028BFCA /* StepCountManager.swift */; };
		841B139824EBBAA40028BFCA /* ColorConstants.swift in Sources */ = {isa = PBXBuildFile; fileRef = 841B139724EBBAA40028BFCA /* ColorConstants.swift */; };
		841B139A24EBBACF0028BFCA /* Data.swift in Sources */ = {isa = PBXBuildFile; fileRef = 841B139924EBBACF0028BFCA /* Data.swift */; };
/* End PBXBuildFile section */

/* Begin PBXFileReference section */
		8418939424E523B000FE7B85 /* StepCounter.app */ = {isa = PBXFileReference; explicitFileType = wrapper.application; includeInIndex = 0; path = StepCounter.app; sourceTree = BUILT_PRODUCTS_DIR; };
		8418939724E523B000FE7B85 /* StepCounterApp.swift */ = {isa = PBXFileReference; lastKnownFileType = sourcecode.swift; path = StepCounterApp.swift; sourceTree = "<group>"; };
		8418939924E523B000FE7B85 /* ContentView.swift */ = {isa = PBXFileReference; lastKnownFileType = sourcecode.swift; path = ContentView.swift; sourceTree = "<group>"; };
		8418939B24E523B100FE7B85 /* Assets.xcassets */ = {isa = PBXFileReference; lastKnownFileType = folder.assetcatalog; path = Assets.xcassets; sourceTree = "<group>"; };
		8418939E24E523B100FE7B85 /* Preview Assets.xcassets */ = {isa = PBXFileReference; lastKnownFileType = folder.assetcatalog; path = "Preview Assets.xcassets"; sourceTree = "<group>"; };
		841893A024E523B100FE7B85 /* Info.plist */ = {isa = PBXFileReference; lastKnownFileType = text.plist.xml; path = Info.plist; sourceTree = "<group>"; };
		841B138D24EBBA230028BFCA /* TopBarView.swift */ = {isa = PBXFileReference; lastKnownFileType = sourcecode.swift; path = TopBarView.swift; sourceTree = "<group>"; };
		841B138F24EBBA3F0028BFCA /* ProgressGoalView.swift */ = {isa = PBXFileReference; lastKnownFileType = sourcecode.swift; path = ProgressGoalView.swift; sourceTree = "<group>"; };
		841B139124EBBA540028BFCA /* InfoDashboardView.swift */ = {isa = PBXFileReference; lastKnownFileType = sourcecode.swift; path = InfoDashboardView.swift; sourceTree = "<group>"; };
		841B139324EBBA730028BFCA /* PlayPauseView.swift */ = {isa = PBXFileReference; lastKnownFileType = sourcecode.swift; path = PlayPauseView.swift; sourceTree = "<group>"; };
		841B139524EBBA860028BFCA /* StepCountManager.swift */ = {isa = PBXFileReference; lastKnownFileType = sourcecode.swift; path = StepCountManager.swift; sourceTree = "<group>"; };
		841B139724EBBAA40028BFCA /* ColorConstants.swift */ = {isa = PBXFileReference; lastKnownFileType = sourcecode.swift; path = ColorConstants.swift; sourceTree = "<group>"; };
		841B139924EBBACF0028BFCA /* Data.swift */ = {isa = PBXFileReference; lastKnownFileType = sourcecode.swift; path = Data.swift; sourceTree = "<group>"; };
/* End PBXFileReference section */

/* Begin PBXFrameworksBuildPhase section */
		8418939124E523B000FE7B85 /* Frameworks */ = {
			isa = PBXFrameworksBuildPhase;
			buildActionMask = 2147483647;
			files = (
			);
			runOnlyForDeploymentPostprocessing = 0;
		};
/* End PBXFrameworksBuildPhase section */

/* Begin PBXGroup section */
		8418938B24E523B000FE7B85 = {
			isa = PBXGroup;
			children = (
				8418939624E523B000FE7B85 /* StepCounter */,
				8418939524E523B000FE7B85 /* Products */,
			);
			sourceTree = "<group>";
		};
		8418939524E523B000FE7B85 /* Products */ = {
			isa = PBXGroup;
			children = (
				8418939424E523B000FE7B85 /* StepCounter.app */,
			);
			name = Products;
			sourceTree = "<group>";
		};
		8418939624E523B000FE7B85 /* StepCounter */ = {
			isa = PBXGroup;
			children = (
				8418939724E523B000FE7B85 /* StepCounterApp.swift */,
				8418939924E523B000FE7B85 /* ContentView.swift */,
				841B139924EBBACF0028BFCA /* Data.swift */,
				841B139724EBBAA40028BFCA /* ColorConstants.swift */,
				841B139524EBBA860028BFCA /* StepCountManager.swift */,
				841B139324EBBA730028BFCA /* PlayPauseView.swift */,
				841B139124EBBA540028BFCA /* InfoDashboardView.swift */,
				841B138F24EBBA3F0028BFCA /* ProgressGoalView.swift */,
				841B138D24EBBA230028BFCA /* TopBarView.swift */,
				8418939B24E523B100FE7B85 /* Assets.xcassets */,
				841893A024E523B100FE7B85 /* Info.plist */,
				8418939D24E523B100FE7B85 /* Preview Content */,
			);
			path = StepCounter;
			sourceTree = "<group>";
		};
		8418939D24E523B100FE7B85 /* Preview Content */ = {
			isa = PBXGroup;
			children = (
				8418939E24E523B100FE7B85 /* Preview Assets.xcassets */,
			);
			path = "Preview Content";
			sourceTree = "<group>";
		};
/* End PBXGroup section */

/* Begin PBXNativeTarget section */
		8418939324E523B000FE7B85 /* StepCounter */ = {
			isa = PBXNativeTarget;
			buildConfigurationList = 841893A324E523B100FE7B85 /* Build configuration list for PBXNativeTarget "StepCounter" */;
			buildPhases = (
				8418939024E523B000FE7B85 /* Sources */,
				8418939124E523B000FE7B85 /* Frameworks */,
				8418939224E523B000FE7B85 /* Resources */,
			);
			buildRules = (
			);
			dependencies = (
			);
			name = StepCounter;
			productName = StepCounter;
			productReference = 8418939424E523B000FE7B85 /* StepCounter.app */;
			productType = "com.apple.product-type.application";
		};
/* End PBXNativeTarget section */

/* Begin PBXProject section */
		8418938C24E523B000FE7B85 /* Project object */ = {
			isa = PBXProject;
			attributes = {
				LastSwiftUpdateCheck = 1200;
				LastUpgradeCheck = 1200;
				TargetAttributes = {
					8418939324E523B000FE7B85 = {
						CreatedOnToolsVersion = 12.0;
					};
				};
			};
			buildConfigurationList = 8418938F24E523B000FE7B85 /* Build configuration list for PBXProject "StepCounter" */;
			compatibilityVersion = "Xcode 9.3";
			developmentRegion = en;
			hasScannedForEncodings = 0;
			knownRegions = (
				en,
				Base,
			);
			mainGroup = 8418938B24E523B000FE7B85;
			productRefGroup = 8418939524E523B000FE7B85 /* Products */;
			projectDirPath = "";
			projectRoot = "";
			targets = (
				8418939324E523B000FE7B85 /* StepCounter */,
			);
		};
/* End PBXProject section */

/* Begin PBXResourcesBuildPhase section */
		8418939224E523B000FE7B85 /* Resources */ = {
			isa = PBXResourcesBuildPhase;
			buildActionMask = 2147483647;
			files = (
				8418939F24E523B100FE7B85 /* Preview Assets.xcassets in Resources */,
				8418939C24E523B100FE7B85 /* Assets.xcassets in Resources */,
			);
			runOnlyForDeploymentPostprocessing = 0;
		};
/* End PBXResourcesBuildPhase section */

/* Begin PBXSourcesBuildPhase section */
		8418939024E523B000FE7B85 /* Sources */ = {
			isa = PBXSourcesBuildPhase;
			buildActionMask = 2147483647;
			files = (
				841B139024EBBA3F0028BFCA /* ProgressGoalView.swift in Sources */,
				8418939A24E523B000FE7B85 /* ContentView.swift in Sources */,
				841B138E24EBBA230028BFCA /* TopBarView.swift in Sources */,
				841B139824EBBAA40028BFCA /* ColorConstants.swift in Sources */,
				8418939824E523B000FE7B85 /* StepCounterApp.swift in Sources */,
				841B139624EBBA860028BFCA /* StepCountManager.swift in Sources */,
				841B139224EBBA540028BFCA /* InfoDashboardView.swift in Sources */,
				841B139A24EBBACF0028BFCA /* Data.swift in Sources */,
				841B139424EBBA730028BFCA /* PlayPauseView.swift in Sources */,
			);
			runOnlyForDeploymentPostprocessing = 0;
		};
/* End PBXSourcesBuildPhase section */

/* Begin XCBuildConfiguration section */
		841893A124E523B100FE7B85 /* Debug */ = {
			isa = XCBuildConfiguration;
			buildSettings = {
				ALWAYS_SEARCH_USER_PATHS = NO;
				CLANG_ANALYZER_NONNULL = YES;
				CLANG_ANALYZER_NUMBER_OBJECT_CONVERSION = YES_AGGRESSIVE;
				CLANG_CXX_LANGUAGE_STANDARD = "gnu++14";
				CLANG_CXX_LIBRARY = "libc++";
				CLANG_ENABLE_MODULES = YES;
				CLANG_ENABLE_OBJC_ARC = YES;
				CLANG_ENABLE_OBJC_WEAK = YES;
				CLANG_WARN_BLOCK_CAPTURE_AUTORELEASING = YES;
				CLANG_WARN_BOOL_CONVERSION = YES;
				CLANG_WARN_COMMA = YES;
				CLANG_WARN_CONSTANT_CONVERSION = YES;
				CLANG_WARN_DEPRECATED_OBJC_IMPLEMENTATIONS = YES;
				CLANG_WARN_DIRECT_OBJC_ISA_USAGE = YES_ERROR;
				CLANG_WARN_DOCUMENTATION_COMMENTS = YES;
				CLANG_WARN_EMPTY_BODY = YES;
				CLANG_WARN_ENUM_CONVERSION = YES;
				CLANG_WARN_INFINITE_RECURSION = YES;
				CLANG_WARN_INT_CONVERSION = YES;
				CLANG_WARN_NON_LITERAL_NULL_CONVERSION = YES;
				CLANG_WARN_OBJC_IMPLICIT_RETAIN_SELF = YES;
				CLANG_WARN_OBJC_LITERAL_CONVERSION = YES;
				CLANG_WARN_OBJC_ROOT_CLASS = YES_ERROR;
				CLANG_WARN_QUOTED_INCLUDE_IN_FRAMEWORK_HEADER = YES;
				CLANG_WARN_RANGE_LOOP_ANALYSIS = YES;
				CLANG_WARN_STRICT_PROTOTYPES = YES;
				CLANG_WARN_SUSPICIOUS_MOVE = YES;
				CLANG_WARN_UNGUARDED_AVAILABILITY = YES_AGGRESSIVE;
				CLANG_WARN_UNREACHABLE_CODE = YES;
				CLANG_WARN__DUPLICATE_METHOD_MATCH = YES;
				COPY_PHASE_STRIP = NO;
				DEBUG_INFORMATION_FORMAT = dwarf;
				ENABLE_STRICT_OBJC_MSGSEND = YES;
				ENABLE_TESTABILITY = YES;
				GCC_C_LANGUAGE_STANDARD = gnu11;
				GCC_DYNAMIC_NO_PIC = NO;
				GCC_NO_COMMON_BLOCKS = YES;
				GCC_OPTIMIZATION_LEVEL = 0;
				GCC_PREPROCESSOR_DEFINITIONS = (
					"DEBUG=1",
					"$(inherited)",
				);
				GCC_WARN_64_TO_32_BIT_CONVERSION = YES;
				GCC_WARN_ABOUT_RETURN_TYPE = YES_ERROR;
				GCC_WARN_UNDECLARED_SELECTOR = YES;
				GCC_WARN_UNINITIALIZED_AUTOS = YES_AGGRESSIVE;
				GCC_WARN_UNUSED_FUNCTION = YES;
				GCC_WARN_UNUSED_VARIABLE = YES;
				IPHONEOS_DEPLOYMENT_TARGET = 14.0;
				MTL_ENABLE_DEBUG_INFO = INCLUDE_SOURCE;
				MTL_FAST_MATH = YES;
				ONLY_ACTIVE_ARCH = YES;
				SDKROOT = iphoneos;
				SWIFT_ACTIVE_COMPILATION_CONDITIONS = DEBUG;
				SWIFT_OPTIMIZATION_LEVEL = "-Onone";
			};
			name = Debug;
		};
		841893A224E523B100FE7B85 /* Release */ = {
			isa = XCBuildConfiguration;
			buildSettings = {
				ALWAYS_SEARCH_USER_PATHS = NO;
				CLANG_ANALYZER_NONNULL = YES;
				CLANG_ANALYZER_NUMBER_OBJECT_CONVERSION = YES_AGGRESSIVE;
				CLANG_CXX_LANGUAGE_STANDARD = "gnu++14";
				CLANG_CXX_LIBRARY = "libc++";
				CLANG_ENABLE_MODULES = YES;
				CLANG_ENABLE_OBJC_ARC = YES;
				CLANG_ENABLE_OBJC_WEAK = YES;
				CLANG_WARN_BLOCK_CAPTURE_AUTORELEASING = YES;
				CLANG_WARN_BOOL_CONVERSION = YES;
				CLANG_WARN_COMMA = YES;
				CLANG_WARN_CONSTANT_CONVERSION = YES;
				CLANG_WARN_DEPRECATED_OBJC_IMPLEMENTATIONS = YES;
				CLANG_WARN_DIRECT_OBJC_ISA_USAGE = YES_ERROR;
				CLANG_WARN_DOCUMENTATION_COMMENTS = YES;
				CLANG_WARN_EMPTY_BODY = YES;
				CLANG_WARN_ENUM_CONVERSION = YES;
				CLANG_WARN_INFINITE_RECURSION = YES;
				CLANG_WARN_INT_CONVERSION = YES;
				CLANG_WARN_NON_LITERAL_NULL_CONVERSION = YES;
				CLANG_WARN_OBJC_IMPLICIT_RETAIN_SELF = YES;
				CLANG_WARN_OBJC_LITERAL_CONVERSION = YES;
				CLANG_WARN_OBJC_ROOT_CLASS = YES_ERROR;
				CLANG_WARN_QUOTED_INCLUDE_IN_FRAMEWORK_HEADER = YES;
				CLANG_WARN_RANGE_LOOP_ANALYSIS = YES;
				CLANG_WARN_STRICT_PROTOTYPES = YES;
				CLANG_WARN_SUSPICIOUS_MOVE = YES;
				CLANG_WARN_UNGUARDED_AVAILABILITY = YES_AGGRESSIVE;
				CLANG_WARN_UNREACHABLE_CODE = YES;
				CLANG_WARN__DUPLICATE_METHOD_MATCH = YES;
				COPY_PHASE_STRIP = NO;
				DEBUG_INFORMATION_FORMAT = "dwarf-with-dsym";
				ENABLE_NS_ASSERTIONS = NO;
				ENABLE_STRICT_OBJC_MSGSEND = YES;
				GCC_C_LANGUAGE_STANDARD = gnu11;
				GCC_NO_COMMON_BLOCKS = YES;
				GCC_WARN_64_TO_32_BIT_CONVERSION = YES;
				GCC_WARN_ABOUT_RETURN_TYPE = YES_ERROR;
				GCC_WARN_UNDECLARED_SELECTOR = YES;
				GCC_WARN_UNINITIALIZED_AUTOS = YES_AGGRESSIVE;
				GCC_WARN_UNUSED_FUNCTION = YES;
				GCC_WARN_UNUSED_VARIABLE = YES;
				IPHONEOS_DEPLOYMENT_TARGET = 14.0;
				MTL_ENABLE_DEBUG_INFO = NO;
				MTL_FAST_MATH = YES;
				SDKROOT = iphoneos;
				SWIFT_COMPILATION_MODE = wholemodule;
				SWIFT_OPTIMIZATION_LEVEL = "-O";
				VALIDATE_PRODUCT = YES;
			};
			name = Release;
		};
		841893A424E523B100FE7B85 /* Debug */ = {
			isa = XCBuildConfiguration;
			buildSettings = {
				ASSETCATALOG_COMPILER_APPICON_NAME = AppIcon;
				ASSETCATALOG_COMPILER_GLOBAL_ACCENT_COLOR_NAME = AccentColor;
				CODE_SIGN_STYLE = Automatic;
				DEVELOPMENT_ASSET_PATHS = "\"StepCounter/Preview Content\"";
				DEVELOPMENT_TEAM = 3EYUW49QFV;
				ENABLE_PREVIEWS = YES;
				INFOPLIST_FILE = StepCounter/Info.plist;
				IPHONEOS_DEPLOYMENT_TARGET = 14.0;
				LD_RUNPATH_SEARCH_PATHS = (
					"$(inherited)",
					"@executable_path/Frameworks",
				);
				PRODUCT_BUNDLE_IDENTIFIER = com.a7studio.StepCounter;
				PRODUCT_NAME = "$(TARGET_NAME)";
				SWIFT_VERSION = 5.0;
				TARGETED_DEVICE_FAMILY = "1,2";
			};
			name = Debug;
		};
		841893A524E523B100FE7B85 /* Release */ = {
			isa = XCBuildConfiguration;
			buildSettings = {
				ASSETCATALOG_COMPILER_APPICON_NAME = AppIcon;
				ASSETCATALOG_COMPILER_GLOBAL_ACCENT_COLOR_NAME = AccentColor;
				CODE_SIGN_STYLE = Automatic;
				DEVELOPMENT_ASSET_PATHS = "\"StepCounter/Preview Content\"";
				DEVELOPMENT_TEAM = 3EYUW49QFV;
				ENABLE_PREVIEWS = YES;
				INFOPLIST_FILE = StepCounter/Info.plist;
				IPHONEOS_DEPLOYMENT_TARGET = 14.0;
				LD_RUNPATH_SEARCH_PATHS = (
					"$(inherited)",
					"@executable_path/Frameworks",
				);
				PRODUCT_BUNDLE_IDENTIFIER = com.a7studio.StepCounter;
				PRODUCT_NAME = "$(TARGET_NAME)";
				SWIFT_VERSION = 5.0;
				TARGETED_DEVICE_FAMILY = "1,2";
			};
			name = Release;
		};
/* End XCBuildConfiguration section */

/* Begin XCConfigurationList section */
		8418938F24E523B000FE7B85 /* Build configuration list for PBXProject "StepCounter" */ = {
			isa = XCConfigurationList;
			buildConfigurations = (
				841893A124E523B100FE7B85 /* Debug */,
				841893A224E523B100FE7B85 /* Release */,
			);
			defaultConfigurationIsVisible = 0;
			defaultConfigurationName = Release;
		};
		841893A324E523B100FE7B85 /* Build configuration list for PBXNativeTarget "StepCounter" */ = {
			isa = XCConfigurationList;
			buildConfigurations = (
				841893A424E523B100FE7B85 /* Debug */,
				841893A524E523B100FE7B85 /* Release */,
			);
			defaultConfigurationIsVisible = 0;
			defaultConfigurationName = Release;
		};
/* End XCConfigurationList section */
	};
	rootObject = 8418938C24E523B000FE7B85 /* Project object */;
}
